
Microsoft Visual Studio Solution File, Format Version 12.00
# Visual Studio Version 17
VisualStudioVersion = 17.14.36310.24 d17.14
MinimumVisualStudioVersion = 10.0.40219.1
Project("{FAE04EC0-301F-11D3-BF4B-00C04F79EFBC}") = "Lab8Library", "Lab8Library.csproj", "{E24E9E31-D82A-CC34-2CC9-B1DFCC87EAF3}"
EndProject
Global
	GlobalSection(SolutionConfigurationPlatforms) = preSolution
		Debug|Any CPU = Debug|Any CPU
		Release|Any CPU = Release|Any CPU
	EndGlobalSection
	GlobalSection(ProjectConfigurationPlatforms) = postSolution
		{E24E9E31-D82A-CC34-2CC9-B1DFCC87EAF3}.Debug|Any CPU.ActiveCfg = Debug|Any CPU
		{E24E9E31-D82A-CC34-2CC9-B1DFCC87EAF3}.Debug|Any CPU.Build.0 = Debug|Any CPU
		{E24E9E31-D82A-CC34-2CC9-B1DFCC87EAF3}.Release|Any CPU.ActiveCfg = Release|Any CPU
		{E24E9E31-D82A-CC34-2CC9-B1DFCC87EAF3}.Release|Any CPU.Build.0 = Release|Any CPU
	EndGlobalSection
	GlobalSection(SolutionProperties) = preSolution
		HideSolutionNode = FALSE
	EndGlobalSection
	GlobalSection(ExtensibilityGlobals) = postSolution
		SolutionGuid = {BDFD5D6C-3CA6-4A92-8AFA-4B62952AD09D}
	EndGlobalSection
EndGlobal
